
Microsoft Visual Studio Solution File, Format Version 12.00
# Visual Studio Version 17
VisualStudioVersion = 17.7.34031.279
MinimumVisualStudioVersion = 10.0.40219.1
Project("{FAE04EC0-301F-11D3-BF4B-00C04F79EFBC}") = "ejercicio9PostEXT3", "ejercicio9PostEXT3.csproj", "{891C9013-2858-4F8E-9784-6748B6E44AF5}"
EndProject
Global
	GlobalSection(SolutionConfigurationPlatforms) = preSolution
		Debug|Any CPU = Debug|Any CPU
		Release|Any CPU = Release|Any CPU
	EndGlobalSection
	GlobalSection(ProjectConfigurationPlatforms) = postSolution
		{891C9013-2858-4F8E-9784-6748B6E44AF5}.Debug|Any CPU.ActiveCfg = Debug|Any CPU
		{891C9013-2858-4F8E-9784-6748B6E44AF5}.Debug|Any CPU.Build.0 = Debug|Any CPU
		{891C9013-2858-4F8E-9784-6748B6E44AF5}.Release|Any CPU.ActiveCfg = Release|Any CPU
		{891C9013-2858-4F8E-9784-6748B6E44AF5}.Release|Any CPU.Build.0 = Release|Any CPU
	EndGlobalSection
	GlobalSection(SolutionProperties) = preSolution
		HideSolutionNode = FALSE
	EndGlobalSection
	GlobalSection(ExtensibilityGlobals) = postSolution
		SolutionGuid = {C5308D00-6431-4FB6-B8B5-81E92F4C2F71}
	EndGlobalSection
EndGlobal
